// !$*UTF8*$!
{
	archiveVersion = 1;
	classes = {
	};
	objectVersion = 50;
	objects = {

/* Begin PBXBuildFile section */
		D73CBEEA26BBEF4D00CB1358 /* AppDelegate.swift in Sources */ = {isa = PBXBuildFile; fileRef = D73CBEE926BBEF4D00CB1358 /* AppDelegate.swift */; };
		D73CBEEC26BBEF4D00CB1358 /* SceneDelegate.swift in Sources */ = {isa = PBXBuildFile; fileRef = D73CBEEB26BBEF4D00CB1358 /* SceneDelegate.swift */; };
		D73CBEEE26BBEF4D00CB1358 /* ViewController.swift in Sources */ = {isa = PBXBuildFile; fileRef = D73CBEED26BBEF4D00CB1358 /* ViewController.swift */; };
		D73CBEF126BBEF4D00CB1358 /* Main.storyboard in Resources */ = {isa = PBXBuildFile; fileRef = D73CBEEF26BBEF4D00CB1358 /* Main.storyboard */; };
		D73CBEF326BBEF4E00CB1358 /* Assets.xcassets in Resources */ = {isa = PBXBuildFile; fileRef = D73CBEF226BBEF4E00CB1358 /* Assets.xcassets */; };
		D73CBEF626BBEF4E00CB1358 /* LaunchScreen.storyboard in Resources */ = {isa = PBXBuildFile; fileRef = D73CBEF426BBEF4E00CB1358 /* LaunchScreen.storyboard */; };
/* End PBXBuildFile section */

/* Begin PBXFileReference section */
		D73CBEE626BBEF4D00CB1358 /* Swift6WKWeb1.app */ = {isa = PBXFileReference; explicitFileType = wrapper.application; includeInIndex = 0; path = Swift6WKWeb1.app; sourceTree = BUILT_PRODUCTS_DIR; };
		D73CBEE926BBEF4D00CB1358 /* AppDelegate.swift */ = {isa = PBXFileReference; lastKnownFileType = sourcecode.swift; path = AppDelegate.swift; sourceTree = "<group>"; };
		D73CBEEB26BBEF4D00CB1358 /* SceneDelegate.swift */ = {isa = PBXFileReference; lastKnownFileType = sourcecode.swift; path = SceneDelegate.swift; sourceTree = "<group>"; };
		D73CBEED26BBEF4D00CB1358 /* ViewController.swift */ = {isa = PBXFileReference; lastKnownFileType = sourcecode.swift; path = ViewController.swift; sourceTree = "<group>"; };
		D73CBEF026BBEF4D00CB1358 /* Base */ = {isa = PBXFileReference; lastKnownFileType = file.storyboard; name = Base; path = Base.lproj/Main.storyboard; sourceTree = "<group>"; };
		D73CBEF226BBEF4E00CB1358 /* Assets.xcassets */ = {isa = PBXFileReference; lastKnownFileType = folder.assetcatalog; path = Assets.xcassets; sourceTree = "<group>"; };
		D73CBEF526BBEF4E00CB1358 /* Base */ = {isa = PBXFileReference; lastKnownFileType = file.storyboard; name = Base; path = Base.lproj/LaunchScreen.storyboard; sourceTree = "<group>"; };
		D73CBEF726BBEF4E00CB1358 /* Info.plist */ = {isa = PBXFileReference; lastKnownFileType = text.plist.xml; path = Info.plist; sourceTree = "<group>"; };
/* End PBXFileReference section */

/* Begin PBXFrameworksBuildPhase section */
		D73CBEE326BBEF4D00CB1358 /* Frameworks */ = {
			isa = PBXFrameworksBuildPhase;
			buildActionMask = 2147483647;
			files = (
			);
			runOnlyForDeploymentPostprocessing = 0;
		};
/* End PBXFrameworksBuildPhase section */

/* Begin PBXGroup section */
		D73CBEDD26BBEF4D00CB1358 = {
			isa = PBXGroup;
			children = (
				D73CBEE826BBEF4D00CB1358 /* Swift6WKWeb1 */,
				D73CBEE726BBEF4D00CB1358 /* Products */,
			);
			sourceTree = "<group>";
		};
		D73CBEE726BBEF4D00CB1358 /* Products */ = {
			isa = PBXGroup;
			children = (
				D73CBEE626BBEF4D00CB1358 /* Swift6WKWeb1.app */,
			);
			name = Products;
			sourceTree = "<group>";
		};
		D73CBEE826BBEF4D00CB1358 /* Swift6WKWeb1 */ = {
			isa = PBXGroup;
			children = (
				D73CBEE926BBEF4D00CB1358 /* AppDelegate.swift */,
				D73CBEEB26BBEF4D00CB1358 /* SceneDelegate.swift */,
				D73CBEED26BBEF4D00CB1358 /* ViewController.swift */,
				D73CBEEF26BBEF4D00CB1358 /* Main.storyboard */,
				D73CBEF226BBEF4E00CB1358 /* Assets.xcassets */,
				D73CBEF426BBEF4E00CB1358 /* LaunchScreen.storyboard */,
				D73CBEF726BBEF4E00CB1358 /* Info.plist */,
			);
			path = Swift6WKWeb1;
			sourceTree = "<group>";
		};
/* End PBXGroup section */

/* Begin PBXNativeTarget section */
		D73CBEE526BBEF4D00CB1358 /* Swift6WKWeb1 */ = {
			isa = PBXNativeTarget;
			buildConfigurationList = D73CBEFA26BBEF4E00CB1358 /* Build configuration list for PBXNativeTarget "Swift6WKWeb1" */;
			buildPhases = (
				D73CBEE226BBEF4D00CB1358 /* Sources */,
				D73CBEE326BBEF4D00CB1358 /* Frameworks */,
				D73CBEE426BBEF4D00CB1358 /* Resources */,
			);
			buildRules = (
			);
			dependencies = (
			);
			name = Swift6WKWeb1;
			productName = Swift6WKWeb1;
			productReference = D73CBEE626BBEF4D00CB1358 /* Swift6WKWeb1.app */;
			productType = "com.apple.product-type.application";
		};
/* End PBXNativeTarget section */

/* Begin PBXProject section */
		D73CBEDE26BBEF4D00CB1358 /* Project object */ = {
			isa = PBXProject;
			attributes = {
				LastSwiftUpdateCheck = 1250;
				LastUpgradeCheck = 1250;
				TargetAttributes = {
					D73CBEE526BBEF4D00CB1358 = {
						CreatedOnToolsVersion = 12.5.1;
					};
				};
			};
			buildConfigurationList = D73CBEE126BBEF4D00CB1358 /* Build configuration list for PBXProject "Swift6WKWeb1" */;
			compatibilityVersion = "Xcode 9.3";
			developmentRegion = en;
			hasScannedForEncodings = 0;
			knownRegions = (
				en,
				Base,
			);
			mainGroup = D73CBEDD26BBEF4D00CB1358;
			productRefGroup = D73CBEE726BBEF4D00CB1358 /* Products */;
			projectDirPath = "";
			projectRoot = "";
			targets = (
				D73CBEE526BBEF4D00CB1358 /* Swift6WKWeb1 */,
			);
		};
/* End PBXProject section */

/* Begin PBXResourcesBuildPhase section */
		D73CBEE426BBEF4D00CB1358 /* Resources */ = {
			isa = PBXResourcesBuildPhase;
			buildActionMask = 2147483647;
			files = (
				D73CBEF626BBEF4E00CB1358 /* LaunchScreen.storyboard in Resources */,
				D73CBEF326BBEF4E00CB1358 /* Assets.xcassets in Resources */,
				D73CBEF126BBEF4D00CB1358 /* Main.storyboard in Resources */,
			);
			runOnlyForDeploymentPostprocessing = 0;
		};
/* End PBXResourcesBuildPhase section */

/* Begin PBXSourcesBuildPhase section */
		D73CBEE226BBEF4D00CB1358 /* Sources */ = {
			isa = PBXSourcesBuildPhase;
			buildActionMask = 2147483647;
			files = (
				D73CBEEE26BBEF4D00CB1358 /* ViewController.swift in Sources */,
				D73CBEEA26BBEF4D00CB1358 /* AppDelegate.swift in Sources */,
				D73CBEEC26BBEF4D00CB1358 /* SceneDelegate.swift in Sources */,
			);
			runOnlyForDeploymentPostprocessing = 0;
		};
/* End PBXSourcesBuildPhase section */

/* Begin PBXVariantGroup section */
		D73CBEEF26BBEF4D00CB1358 /* Main.storyboard */ = {
			isa = PBXVariantGroup;
			children = (
				D73CBEF026BBEF4D00CB1358 /* Base */,
			);
			name = Main.storyboard;
			sourceTree = "<group>";
		};
		D73CBEF426BBEF4E00CB1358 /* LaunchScreen.storyboard */ = {
			isa = PBXVariantGroup;
			children = (
				D73CBEF526BBEF4E00CB1358 /* Base */,
			);
			name = LaunchScreen.storyboard;
			sourceTree = "<group>";
		};
/* End PBXVariantGroup section */

/* Begin XCBuildConfiguration section */
		D73CBEF826BBEF4E00CB1358 /* Debug */ = {
			isa = XCBuildConfiguration;
			buildSettings = {
				ALWAYS_SEARCH_USER_PATHS = NO;
				CLANG_ANALYZER_NONNULL = YES;
				CLANG_ANALYZER_NUMBER_OBJECT_CONVERSION = YES_AGGRESSIVE;
				CLANG_CXX_LANGUAGE_STANDARD = "gnu++14";
				CLANG_CXX_LIBRARY = "libc++";
				CLANG_ENABLE_MODULES = YES;
				CLANG_ENABLE_OBJC_ARC = YES;
				CLANG_ENABLE_OBJC_WEAK = YES;
				CLANG_WARN_BLOCK_CAPTURE_AUTORELEASING = YES;
				CLANG_WARN_BOOL_CONVERSION = YES;
				CLANG_WARN_COMMA = YES;
				CLANG_WARN_CONSTANT_CONVERSION = YES;
				CLANG_WARN_DEPRECATED_OBJC_IMPLEMENTATIONS = YES;
				CLANG_WARN_DIRECT_OBJC_ISA_USAGE = YES_ERROR;
				CLANG_WARN_DOCUMENTATION_COMMENTS = YES;
				CLANG_WARN_EMPTY_BODY = YES;
				CLANG_WARN_ENUM_CONVERSION = YES;
				CLANG_WARN_INFINITE_RECURSION = YES;
				CLANG_WARN_INT_CONVERSION = YES;
				CLANG_WARN_NON_LITERAL_NULL_CONVERSION = YES;
				CLANG_WARN_OBJC_IMPLICIT_RETAIN_SELF = YES;
				CLANG_WARN_OBJC_LITERAL_CONVERSION = YES;
				CLANG_WARN_OBJC_ROOT_CLASS = YES_ERROR;
				CLANG_WARN_QUOTED_INCLUDE_IN_FRAMEWORK_HEADER = YES;
				CLANG_WARN_RANGE_LOOP_ANALYSIS = YES;
				CLANG_WARN_STRICT_PROTOTYPES = YES;
				CLANG_WARN_SUSPICIOUS_MOVE = YES;
				CLANG_WARN_UNGUARDED_AVAILABILITY = YES_AGGRESSIVE;
				CLANG_WARN_UNREACHABLE_CODE = YES;
				CLANG_WARN__DUPLICATE_METHOD_MATCH = YES;
				COPY_PHASE_STRIP = NO;
				DEBUG_INFORMATION_FORMAT = dwarf;
				ENABLE_STRICT_OBJC_MSGSEND = YES;
				ENABLE_TESTABILITY = YES;
				GCC_C_LANGUAGE_STANDARD = gnu11;
				GCC_DYNAMIC_NO_PIC = NO;
				GCC_NO_COMMON_BLOCKS = YES;
				GCC_OPTIMIZATION_LEVEL = 0;
				GCC_PREPROCESSOR_DEFINITIONS = (
					"DEBUG=1",
					"$(inherited)",
				);
				GCC_WARN_64_TO_32_BIT_CONVERSION = YES;
				GCC_WARN_ABOUT_RETURN_TYPE = YES_ERROR;
				GCC_WARN_UNDECLARED_SELECTOR = YES;
				GCC_WARN_UNINITIALIZED_AUTOS = YES_AGGRESSIVE;
				GCC_WARN_UNUSED_FUNCTION = YES;
				GCC_WARN_UNUSED_VARIABLE = YES;
				IPHONEOS_DEPLOYMENT_TARGET = 14.5;
				MTL_ENABLE_DEBUG_INFO = INCLUDE_SOURCE;
				MTL_FAST_MATH = YES;
				ONLY_ACTIVE_ARCH = YES;
				SDKROOT = iphoneos;
				SWIFT_ACTIVE_COMPILATION_CONDITIONS = DEBUG;
				SWIFT_OPTIMIZATION_LEVEL = "-Onone";
			};
			name = Debug;
		};
		D73CBEF926BBEF4E00CB1358 /* Release */ = {
			isa = XCBuildConfiguration;
			buildSettings = {
				ALWAYS_SEARCH_USER_PATHS = NO;
				CLANG_ANALYZER_NONNULL = YES;
				CLANG_ANALYZER_NUMBER_OBJECT_CONVERSION = YES_AGGRESSIVE;
				CLANG_CXX_LANGUAGE_STANDARD = "gnu++14";
				CLANG_CXX_LIBRARY = "libc++";
				CLANG_ENABLE_MODULES = YES;
				CLANG_ENABLE_OBJC_ARC = YES;
				CLANG_ENABLE_OBJC_WEAK = YES;
				CLANG_WARN_BLOCK_CAPTURE_AUTORELEASING = YES;
				CLANG_WARN_BOOL_CONVERSION = YES;
				CLANG_WARN_COMMA = YES;
				CLANG_WARN_CONSTANT_CONVERSION = YES;
				CLANG_WARN_DEPRECATED_OBJC_IMPLEMENTATIONS = YES;
				CLANG_WARN_DIRECT_OBJC_ISA_USAGE = YES_ERROR;
				CLANG_WARN_DOCUMENTATION_COMMENTS = YES;
				CLANG_WARN_EMPTY_BODY = YES;
				CLANG_WARN_ENUM_CONVERSION = YES;
				CLANG_WARN_INFINITE_RECURSION = YES;
				CLANG_WARN_INT_CONVERSION = YES;
				CLANG_WARN_NON_LITERAL_NULL_CONVERSION = YES;
				CLANG_WARN_OBJC_IMPLICIT_RETAIN_SELF = YES;
				CLANG_WARN_OBJC_LITERAL_CONVERSION = YES;
				CLANG_WARN_OBJC_ROOT_CLASS = YES_ERROR;
				CLANG_WARN_QUOTED_INCLUDE_IN_FRAMEWORK_HEADER = YES;
				CLANG_WARN_RANGE_LOOP_ANALYSIS = YES;
				CLANG_WARN_STRICT_PROTOTYPES = YES;
				CLANG_WARN_SUSPICIOUS_MOVE = YES;
				CLANG_WARN_UNGUARDED_AVAILABILITY = YES_AGGRESSIVE;
				CLANG_WARN_UNREACHABLE_CODE = YES;
				CLANG_WARN__DUPLICATE_METHOD_MATCH = YES;
				COPY_PHASE_STRIP = NO;
				DEBUG_INFORMATION_FORMAT = "dwarf-with-dsym";
				ENABLE_NS_ASSERTIONS = NO;
				ENABLE_STRICT_OBJC_MSGSEND = YES;
				GCC_C_LANGUAGE_STANDARD = gnu11;
				GCC_NO_COMMON_BLOCKS = YES;
				GCC_WARN_64_TO_32_BIT_CONVERSION = YES;
				GCC_WARN_ABOUT_RETURN_TYPE = YES_ERROR;
				GCC_WARN_UNDECLARED_SELECTOR = YES;
				GCC_WARN_UNINITIALIZED_AUTOS = YES_AGGRESSIVE;
				GCC_WARN_UNUSED_FUNCTION = YES;
				GCC_WARN_UNUSED_VARIABLE = YES;
				IPHONEOS_DEPLOYMENT_TARGET = 14.5;
				MTL_ENABLE_DEBUG_INFO = NO;
				MTL_FAST_MATH = YES;
				SDKROOT = iphoneos;
				SWIFT_COMPILATION_MODE = wholemodule;
				SWIFT_OPTIMIZATION_LEVEL = "-O";
				VALIDATE_PRODUCT = YES;
			};
			name = Release;
		};
		D73CBEFB26BBEF4E00CB1358 /* Debug */ = {
			isa = XCBuildConfiguration;
			buildSettings = {
				ASSETCATALOG_COMPILER_APPICON_NAME = AppIcon;
				ASSETCATALOG_COMPILER_GLOBAL_ACCENT_COLOR_NAME = AccentColor;
				CODE_SIGN_STYLE = Automatic;
				DEVELOPMENT_TEAM = BVQ5V67FS4;
				INFOPLIST_FILE = Swift6WKWeb1/Info.plist;
				LD_RUNPATH_SEARCH_PATHS = (
					"$(inherited)",
					"@executable_path/Frameworks",
				);
				PRODUCT_BUNDLE_IDENTIFIER = com.hayaki.Swift6WKWeb1;
				PRODUCT_NAME = "$(TARGET_NAME)";
				SWIFT_VERSION = 5.0;
				TARGETED_DEVICE_FAMILY = 1;
			};
			name = Debug;
		};
		D73CBEFC26BBEF4E00CB1358 /* Release */ = {
			isa = XCBuildConfiguration;
			buildSettings = {
				ASSETCATALOG_COMPILER_APPICON_NAME = AppIcon;
				ASSETCATALOG_COMPILER_GLOBAL_ACCENT_COLOR_NAME = AccentColor;
				CODE_SIGN_STYLE = Automatic;
				DEVELOPMENT_TEAM = BVQ5V67FS4;
				INFOPLIST_FILE = Swift6WKWeb1/Info.plist;
				LD_RUNPATH_SEARCH_PATHS = (
					"$(inherited)",
					"@executable_path/Frameworks",
				);
				PRODUCT_BUNDLE_IDENTIFIER = com.hayaki.Swift6WKWeb1;
				PRODUCT_NAME = "$(TARGET_NAME)";
				SWIFT_VERSION = 5.0;
				TARGETED_DEVICE_FAMILY = 1;
			};
			name = Release;
		};
/* End XCBuildConfiguration section */

/* Begin XCConfigurationList section */
		D73CBEE126BBEF4D00CB1358 /* Build configuration list for PBXProject "Swift6WKWeb1" */ = {
			isa = XCConfigurationList;
			buildConfigurations = (
				D73CBEF826BBEF4E00CB1358 /* Debug */,
				D73CBEF926BBEF4E00CB1358 /* Release */,
			);
			defaultConfigurationIsVisible = 0;
			defaultConfigurationName = Release;
		};
		D73CBEFA26BBEF4E00CB1358 /* Build configuration list for PBXNativeTarget "Swift6WKWeb1" */ = {
			isa = XCConfigurationList;
			buildConfigurations = (
				D73CBEFB26BBEF4E00CB1358 /* Debug */,
				D73CBEFC26BBEF4E00CB1358 /* Release */,
			);
			defaultConfigurationIsVisible = 0;
			defaultConfigurationName = Release;
		};
/* End XCConfigurationList section */
	};
	rootObject = D73CBEDE26BBEF4D00CB1358 /* Project object */;
}
